<Solution>
  <Folder Name="/Task0/">
    <Project Path="Tyuiu.UstuzhaninAA.Sprint1.Task0.V0.Lib/Tyuiu.UstuzhaninAA.Sprint1.Task0.V29.Lib.csproj" Id="cce57fb1-c2ae-47a7-8c9e-c66dea592383" />
    <Project Path="Tyuiu.UstuzhaninAA.Sprint1.Task0.V0/Tyuiu.UstuzhaninAA.Sprint1.Task0.V29.csproj" Id="4b12bf25-20cc-4b9e-8c00-430e1c4eedd0" />
    <Project Path="Tyuiu.UsztuzhaninAA.Sprint1.Task0.V0.Test/Tyuiu.UsztuzhaninAA.Sprint1.Task0.V29.Test.csproj" Id="78f35d6f-6510-4e50-bc90-e54245975a50" />
  </Folder>
  <Folder Name="/Task1/">
    <Project Path="Tyuiu.UstuzhaninAA.Sprint1.Task1.V0.Lib/Tyuiu.UstuzhaninAA.Sprint1.Task1.V18.Lib.csproj" Id="a615d984-9c64-414c-b8b1-686a0428d593" />
    <Project Path="Tyuiu.UstuzhaninAA.Sprint1.Task1.V0.Test/Tyuiu.UstuzhaninAA.Sprint1.Task1.V18.Test.csproj" Id="a2d42a81-59b2-484d-85d2-c366683913a7" />
    <Project Path="Tyuiu.UstuzhaninAA.Sprint1.Task1.V0/Tyuiu.UstuzhaninAA.Sprint1.Task1.V18.csproj" Id="a158bcec-0232-498c-ab8d-5105bb54c1f5" />
  </Folder>
  <Folder Name="/Task2/">
    <Project Path="Tyuiu.UstuzhaninAA.Sprint1.Task2.V0.Lib/Tyuiu.UstuzhaninAA.Sprint1.Task2.V19.Lib.csproj" Id="2f8b0c48-281d-4a84-bde4-d9eaf65e604f" />
    <Project Path="Tyuiu.UstuzhaninAA.Sprint1.Task2.V0.Test/Tyuiu.UstuzhaninAA.Sprint1.Task2.V19.Test.csproj" Id="e21cd06e-dd12-41a4-933b-d085318ee00c" />
    <Project Path="Tyuiu.UstuzhaninAA.Sprint1.Task2.V0/Tyuiu.UstuzhaninAA.Sprint1.Task2.V19.csproj" Id="be036ce0-ecf1-42c1-ab06-34596f7973bf" />
  </Folder>
  <Folder Name="/Task3/">
    <Project Path="Tyuiu.UstuzhaninAA.Sprint1.Task3.V0.Lib/Tyuiu.UstuzhaninAA.Sprint1.Task3.V6.Lib.csproj" Id="29d464ae-6603-451e-8f0c-a5976f5b89bb" />
    <Project Path="Tyuiu.UstuzhaninAA.Sprint1.Task3.V0.Test/Tyuiu.UstuzhaninAA.Sprint1.Task3.V6.Test.csproj" Id="fc9c6c0e-cdf9-41be-b63a-73bbf42cb279" />
    <Project Path="Tyuiu.UstuzhaninAA.Sprint1.Task3.V0/Tyuiu.UstuzhaninAA.Sprint1.Task3.V6.csproj" Id="7fc6aca0-bc80-4589-b926-97972b1e9edf" />
  </Folder>
  <Folder Name="/Task4/">
    <Project Path="Tyuiu.UstuzhaninAA.Sprint1.Task4.V20.Lib/Tyuiu.UstuzhaninAA.Sprint1.Task4.V20.Lib.csproj" Id="2c42de81-020a-4678-99cb-39f7fc1142da" />
    <Project Path="Tyuiu.UstuzhaninAA.Sprint1.Task4.V20.Test/Tyuiu.UstuzhaninAA.Sprint1.Task4.V20.Test.csproj" Id="f45d8cd9-3dd6-41bc-8c1d-3bb4a0e8d5eb" />
    <Project Path="Tyuiu.UstuzhaninAA.Sprint1.Task4.V20/Tyuiu.UstuzhaninAA.Sprint1.Task4.V20.csproj" Id="37f9e0e5-b297-430e-9c25-0761bc3a1e5a" />
  </Folder>
</Solution>
