<Solution>
  <Folder Name="/Task0/">
    <Project Path="Tyuiu.UstuzhaninAA.Sprint1.Task0.V0.Lib/Tyuiu.UstuzhaninAA.Sprint1.Task0.V0.Lib.csproj" Id="cce57fb1-c2ae-47a7-8c9e-c66dea592383" />
    <Project Path="Tyuiu.UstuzhaninAA.Sprint1.Task0.V0/Tyuiu.UstuzhaninAA.Sprint1.Task0.V0.csproj" Id="4b12bf25-20cc-4b9e-8c00-430e1c4eedd0" />
    <Project Path="Tyuiu.UsztuzhaninAA.Sprint1.Task0.V0.Test/Tyuiu.UsztuzhaninAA.Sprint1.Task0.V0.Test.csproj" Id="78f35d6f-6510-4e50-bc90-e54245975a50" />
  </Folder>
  <Folder Name="/Task1/">
    <Project Path="Tyuiu.UstuzhaninAA.Sprint1.Task1.V0.Lib/Tyuiu.UstuzhaninAA.Sprint1.Task1.V0.Lib.csproj" Id="a615d984-9c64-414c-b8b1-686a0428d593" />
    <Project Path="Tyuiu.UstuzhaninAA.Sprint1.Task1.V0.Test/Tyuiu.UstuzhaninAA.Sprint1.Task1.V0.Test.csproj" Id="a2d42a81-59b2-484d-85d2-c366683913a7" />
    <Project Path="Tyuiu.UstuzhaninAA.Sprint1.Task1.V0/Tyuiu.UstuzhaninAA.Sprint1.Task1.V0.csproj" Id="a158bcec-0232-498c-ab8d-5105bb54c1f5" />
  </Folder>
  <Folder Name="/Task2/">
    <Project Path="Tyuiu.UstuzhaninAA.Sprint1.Task2.V0.Lib/Tyuiu.UstuzhaninAA.Sprint1.Task2.V0.Lib.csproj" Id="2f8b0c48-281d-4a84-bde4-d9eaf65e604f" />
    <Project Path="Tyuiu.UstuzhaninAA.Sprint1.Task2.V0.Test/Tyuiu.UstuzhaninAA.Sprint1.Task2.V0.Test.csproj" Id="e21cd06e-dd12-41a4-933b-d085318ee00c" />
    <Project Path="Tyuiu.UstuzhaninAA.Sprint1.Task2.V0/Tyuiu.UstuzhaninAA.Sprint1.Task2.V0.csproj" Id="be036ce0-ecf1-42c1-ab06-34596f7973bf" />
  </Folder>
</Solution>
